
Microsoft Visual Studio Solution File, Format Version 12.00
# Visual Studio Version 16
VisualStudioVersion = 16.0.30309.148
MinimumVisualStudioVersion = 10.0.40219.1
Project("{FAE04EC0-301F-11D3-BF4B-00C04F79EFBC}") = "mayoredad", "mayoredad\mayoredad.csproj", "{CE1AC0E7-1E93-4BF1-9395-3B07162C4435}"
EndProject
Global
	GlobalSection(SolutionConfigurationPlatforms) = preSolution
		Debug|Any CPU = Debug|Any CPU
		Release|Any CPU = Release|Any CPU
	EndGlobalSection
	GlobalSection(ProjectConfigurationPlatforms) = postSolution
		{CE1AC0E7-1E93-4BF1-9395-3B07162C4435}.Debug|Any CPU.ActiveCfg = Debug|Any CPU
		{CE1AC0E7-1E93-4BF1-9395-3B07162C4435}.Debug|Any CPU.Build.0 = Debug|Any CPU
		{CE1AC0E7-1E93-4BF1-9395-3B07162C4435}.Release|Any CPU.ActiveCfg = Release|Any CPU
		{CE1AC0E7-1E93-4BF1-9395-3B07162C4435}.Release|Any CPU.Build.0 = Release|Any CPU
	EndGlobalSection
	GlobalSection(SolutionProperties) = preSolution
		HideSolutionNode = FALSE
	EndGlobalSection
	GlobalSection(ExtensibilityGlobals) = postSolution
		SolutionGuid = {D0EE2C0A-3F0A-4309-A533-004DB8C217F8}
	EndGlobalSection
EndGlobal
